
Microsoft Visual Studio Solution File, Format Version 12.00
# Visual Studio Version 17
VisualStudioVersion = 17.1.32210.238
MinimumVisualStudioVersion = 10.0.40219.1
Project("{FAE04EC0-301F-11D3-BF4B-00C04F79EFBC}") = "MoodAnalyser", "MoodAnalyser\MoodAnalyser.csproj", "{B5FABD9B-4080-4D49-A767-46D646BDEA76}"
EndProject
Project("{FAE04EC0-301F-11D3-BF4B-00C04F79EFBC}") = "MoodAnalyserTest", "MoodAnalyserTest\MoodAnalyserTest.csproj", "{CE908E1C-57DB-4527-9B0E-01240C99D3C1}"
EndProject
Global
	GlobalSection(SolutionConfigurationPlatforms) = preSolution
		Debug|Any CPU = Debug|Any CPU
		Release|Any CPU = Release|Any CPU
	EndGlobalSection
	GlobalSection(ProjectConfigurationPlatforms) = postSolution
		{B5FABD9B-4080-4D49-A767-46D646BDEA76}.Debug|Any CPU.ActiveCfg = Debug|Any CPU
		{B5FABD9B-4080-4D49-A767-46D646BDEA76}.Debug|Any CPU.Build.0 = Debug|Any CPU
		{B5FABD9B-4080-4D49-A767-46D646BDEA76}.Release|Any CPU.ActiveCfg = Release|Any CPU
		{B5FABD9B-4080-4D49-A767-46D646BDEA76}.Release|Any CPU.Build.0 = Release|Any CPU
		{CE908E1C-57DB-4527-9B0E-01240C99D3C1}.Debug|Any CPU.ActiveCfg = Debug|Any CPU
		{CE908E1C-57DB-4527-9B0E-01240C99D3C1}.Debug|Any CPU.Build.0 = Debug|Any CPU
		{CE908E1C-57DB-4527-9B0E-01240C99D3C1}.Release|Any CPU.ActiveCfg = Release|Any CPU
		{CE908E1C-57DB-4527-9B0E-01240C99D3C1}.Release|Any CPU.Build.0 = Release|Any CPU
	EndGlobalSection
	GlobalSection(SolutionProperties) = preSolution
		HideSolutionNode = FALSE
	EndGlobalSection
	GlobalSection(ExtensibilityGlobals) = postSolution
		SolutionGuid = {81077443-7B59-4FA7-BB61-B3EC681301B9}
	EndGlobalSection
EndGlobal
